
Microsoft Visual Studio Solution File, Format Version 12.00
# Visual Studio Version 17
VisualStudioVersion = 17.8.34309.116
MinimumVisualStudioVersion = 10.0.40219.1
Project("{FAE04EC0-301F-11D3-BF4B-00C04F79EFBC}") = "ECommerce.API", "ECommerce.API\ECommerce.API.csproj", "{50BE971E-C1BD-4D75-B57D-9BFE71509177}"
EndProject
Project("{FAE04EC0-301F-11D3-BF4B-00C04F79EFBC}") = "ECommerce.Application", "ECommerce.Application\ECommerce.Application.csproj", "{0A9F4302-4AA0-49D2-8DDC-9F75E5FF6D03}"
EndProject
Project("{FAE04EC0-301F-11D3-BF4B-00C04F79EFBC}") = "ECommerce.Infrastructure", "ECommerce.Infrastructure\ECommerce.Infrastructure.csproj", "{CA6918A1-6686-4EB0-9C97-960F48F37F16}"
EndProject
Project("{FAE04EC0-301F-11D3-BF4B-00C04F79EFBC}") = "ECommerce.Domain", "ECommerce.Domain\ECommerce.Domain.csproj", "{BEF22814-F6C9-4F77-8852-C8FA535AA854}"
EndProject
Global
	GlobalSection(SolutionConfigurationPlatforms) = preSolution
		Debug|Any CPU = Debug|Any CPU
		Release|Any CPU = Release|Any CPU
	EndGlobalSection
	GlobalSection(ProjectConfigurationPlatforms) = postSolution
		{50BE971E-C1BD-4D75-B57D-9BFE71509177}.Debug|Any CPU.ActiveCfg = Debug|Any CPU
		{50BE971E-C1BD-4D75-B57D-9BFE71509177}.Debug|Any CPU.Build.0 = Debug|Any CPU
		{50BE971E-C1BD-4D75-B57D-9BFE71509177}.Release|Any CPU.ActiveCfg = Release|Any CPU
		{50BE971E-C1BD-4D75-B57D-9BFE71509177}.Release|Any CPU.Build.0 = Release|Any CPU
		{0A9F4302-4AA0-49D2-8DDC-9F75E5FF6D03}.Debug|Any CPU.ActiveCfg = Debug|Any CPU
		{0A9F4302-4AA0-49D2-8DDC-9F75E5FF6D03}.Debug|Any CPU.Build.0 = Debug|Any CPU
		{0A9F4302-4AA0-49D2-8DDC-9F75E5FF6D03}.Release|Any CPU.ActiveCfg = Release|Any CPU
		{0A9F4302-4AA0-49D2-8DDC-9F75E5FF6D03}.Release|Any CPU.Build.0 = Release|Any CPU
		{CA6918A1-6686-4EB0-9C97-960F48F37F16}.Debug|Any CPU.ActiveCfg = Debug|Any CPU
		{CA6918A1-6686-4EB0-9C97-960F48F37F16}.Debug|Any CPU.Build.0 = Debug|Any CPU
		{CA6918A1-6686-4EB0-9C97-960F48F37F16}.Release|Any CPU.ActiveCfg = Release|Any CPU
		{CA6918A1-6686-4EB0-9C97-960F48F37F16}.Release|Any CPU.Build.0 = Release|Any CPU
		{BEF22814-F6C9-4F77-8852-C8FA535AA854}.Debug|Any CPU.ActiveCfg = Debug|Any CPU
		{BEF22814-F6C9-4F77-8852-C8FA535AA854}.Debug|Any CPU.Build.0 = Debug|Any CPU
		{BEF22814-F6C9-4F77-8852-C8FA535AA854}.Release|Any CPU.ActiveCfg = Release|Any CPU
		{BEF22814-F6C9-4F77-8852-C8FA535AA854}.Release|Any CPU.Build.0 = Release|Any CPU
	EndGlobalSection
	GlobalSection(SolutionProperties) = preSolution
		HideSolutionNode = FALSE
	EndGlobalSection
	GlobalSection(ExtensibilityGlobals) = postSolution
		SolutionGuid = {0351852E-77E4-4892-B0F0-3543A6AAC7F5}
	EndGlobalSection
EndGlobal
